// !$*UTF8*$!
{
	archiveVersion = 1;
	classes = {
	};
	objectVersion = 46;
	objects = {

/* Begin PBXBuildFile section */
		58810AC91EC79CAE00895853 /* main.swift in Sources */ = {isa = PBXBuildFile; fileRef = 58810AC81EC79CAE00895853 /* main.swift */; };
		58810AD21EC79F4800895853 /* GameObject.swift in Sources */ = {isa = PBXBuildFile; fileRef = 58810AD11EC79F4800895853 /* GameObject.swift */; };
		58810AD41EC79F9600895853 /* Location.swift in Sources */ = {isa = PBXBuildFile; fileRef = 58810AD31EC79F9600895853 /* Location.swift */; };
		58810AD61EC7A06100895853 /* Tank World.swift in Sources */ = {isa = PBXBuildFile; fileRef = 58810AD51EC7A06100895853 /* Tank World.swift */; };
/* End PBXBuildFile section */

/* Begin PBXCopyFilesBuildPhase section */
		58810AC31EC79CAE00895853 /* CopyFiles */ = {
			isa = PBXCopyFilesBuildPhase;
			buildActionMask = 2147483647;
			dstPath = /usr/share/man/man1/;
			dstSubfolderSpec = 0;
			files = (
			);
			runOnlyForDeploymentPostprocessing = 1;
		};
/* End PBXCopyFilesBuildPhase section */

/* Begin PBXFileReference section */
		58810AC51EC79CAE00895853 /* Tankland */ = {isa = PBXFileReference; explicitFileType = "compiled.mach-o.executable"; includeInIndex = 0; path = Tankland; sourceTree = BUILT_PRODUCTS_DIR; };
		58810AC81EC79CAE00895853 /* main.swift */ = {isa = PBXFileReference; lastKnownFileType = sourcecode.swift; path = main.swift; sourceTree = "<group>"; };
		58810AD11EC79F4800895853 /* GameObject.swift */ = {isa = PBXFileReference; fileEncoding = 4; lastKnownFileType = sourcecode.swift; path = GameObject.swift; sourceTree = "<group>"; };
		58810AD31EC79F9600895853 /* Location.swift */ = {isa = PBXFileReference; fileEncoding = 4; lastKnownFileType = sourcecode.swift; path = Location.swift; sourceTree = "<group>"; };
		58810AD51EC7A06100895853 /* Tank World.swift */ = {isa = PBXFileReference; fileEncoding = 4; lastKnownFileType = sourcecode.swift; name = "Tank World.swift"; path = "../../Tank World.swift"; sourceTree = "<group>"; };
/* End PBXFileReference section */

/* Begin PBXFrameworksBuildPhase section */
		58810AC21EC79CAE00895853 /* Frameworks */ = {
			isa = PBXFrameworksBuildPhase;
			buildActionMask = 2147483647;
			files = (
			);
			runOnlyForDeploymentPostprocessing = 0;
		};
/* End PBXFrameworksBuildPhase section */

/* Begin PBXGroup section */
		58810ABC1EC79CAE00895853 = {
			isa = PBXGroup;
			children = (
				58810AC71EC79CAE00895853 /* Tankland */,
				58810AC61EC79CAE00895853 /* Products */,
			);
			sourceTree = "<group>";
		};
		58810AC61EC79CAE00895853 /* Products */ = {
			isa = PBXGroup;
			children = (
				58810AC51EC79CAE00895853 /* Tankland */,
			);
			name = Products;
			sourceTree = "<group>";
		};
		58810AC71EC79CAE00895853 /* Tankland */ = {
			isa = PBXGroup;
			children = (
				58810AC81EC79CAE00895853 /* main.swift */,
				58810AD31EC79F9600895853 /* Location.swift */,
				58810AD51EC7A06100895853 /* Tank World.swift */,
				58810AD11EC79F4800895853 /* GameObject.swift */,
			);
			path = Tankland;
			sourceTree = "<group>";
		};
/* End PBXGroup section */

/* Begin PBXNativeTarget section */
		58810AC41EC79CAE00895853 /* Tankland */ = {
			isa = PBXNativeTarget;
			buildConfigurationList = 58810ACC1EC79CAE00895853 /* Build configuration list for PBXNativeTarget "Tankland" */;
			buildPhases = (
				58810AC11EC79CAE00895853 /* Sources */,
				58810AC21EC79CAE00895853 /* Frameworks */,
				58810AC31EC79CAE00895853 /* CopyFiles */,
			);
			buildRules = (
			);
			dependencies = (
			);
			name = Tankland;
			productName = Tankland;
			productReference = 58810AC51EC79CAE00895853 /* Tankland */;
			productType = "com.apple.product-type.tool";
		};
/* End PBXNativeTarget section */

/* Begin PBXProject section */
		58810ABD1EC79CAE00895853 /* Project object */ = {
			isa = PBXProject;
			attributes = {
				LastSwiftUpdateCheck = 0830;
				LastUpgradeCheck = 0830;
				ORGANIZATIONNAME = "Gabriel Stephan";
				TargetAttributes = {
					58810AC41EC79CAE00895853 = {
						CreatedOnToolsVersion = 8.3.2;
						ProvisioningStyle = Automatic;
					};
				};
			};
			buildConfigurationList = 58810AC01EC79CAE00895853 /* Build configuration list for PBXProject "Tankland" */;
			compatibilityVersion = "Xcode 3.2";
			developmentRegion = English;
			hasScannedForEncodings = 0;
			knownRegions = (
				en,
			);
			mainGroup = 58810ABC1EC79CAE00895853;
			productRefGroup = 58810AC61EC79CAE00895853 /* Products */;
			projectDirPath = "";
			projectRoot = "";
			targets = (
				58810AC41EC79CAE00895853 /* Tankland */,
			);
		};
/* End PBXProject section */

/* Begin PBXSourcesBuildPhase section */
		58810AC11EC79CAE00895853 /* Sources */ = {
			isa = PBXSourcesBuildPhase;
			buildActionMask = 2147483647;
			files = (
				58810AC91EC79CAE00895853 /* main.swift in Sources */,
				58810AD61EC7A06100895853 /* Tank World.swift in Sources */,
				58810AD41EC79F9600895853 /* Location.swift in Sources */,
				58810AD21EC79F4800895853 /* GameObject.swift in Sources */,
			);
			runOnlyForDeploymentPostprocessing = 0;
		};
/* End PBXSourcesBuildPhase section */

/* Begin XCBuildConfiguration section */
		58810ACA1EC79CAE00895853 /* Debug */ = {
			isa = XCBuildConfiguration;
			buildSettings = {
				ALWAYS_SEARCH_USER_PATHS = NO;
				CLANG_ANALYZER_NONNULL = YES;
				CLANG_ANALYZER_NUMBER_OBJECT_CONVERSION = YES_AGGRESSIVE;
				CLANG_CXX_LANGUAGE_STANDARD = "gnu++0x";
				CLANG_CXX_LIBRARY = "libc++";
				CLANG_ENABLE_MODULES = YES;
				CLANG_ENABLE_OBJC_ARC = YES;
				CLANG_WARN_BOOL_CONVERSION = YES;
				CLANG_WARN_CONSTANT_CONVERSION = YES;
				CLANG_WARN_DIRECT_OBJC_ISA_USAGE = YES_ERROR;
				CLANG_WARN_DOCUMENTATION_COMMENTS = YES;
				CLANG_WARN_EMPTY_BODY = YES;
				CLANG_WARN_ENUM_CONVERSION = YES;
				CLANG_WARN_INFINITE_RECURSION = YES;
				CLANG_WARN_INT_CONVERSION = YES;
				CLANG_WARN_OBJC_ROOT_CLASS = YES_ERROR;
				CLANG_WARN_SUSPICIOUS_MOVE = YES;
				CLANG_WARN_UNREACHABLE_CODE = YES;
				CLANG_WARN__DUPLICATE_METHOD_MATCH = YES;
				CODE_SIGN_IDENTITY = "-";
				COPY_PHASE_STRIP = NO;
				DEBUG_INFORMATION_FORMAT = dwarf;
				ENABLE_STRICT_OBJC_MSGSEND = YES;
				ENABLE_TESTABILITY = YES;
				GCC_C_LANGUAGE_STANDARD = gnu99;
				GCC_DYNAMIC_NO_PIC = NO;
				GCC_NO_COMMON_BLOCKS = YES;
				GCC_OPTIMIZATION_LEVEL = 0;
				GCC_PREPROCESSOR_DEFINITIONS = (
					"DEBUG=1",
					"$(inherited)",
				);
				GCC_WARN_64_TO_32_BIT_CONVERSION = YES;
				GCC_WARN_ABOUT_RETURN_TYPE = YES_ERROR;
				GCC_WARN_UNDECLARED_SELECTOR = YES;
				GCC_WARN_UNINITIALIZED_AUTOS = YES_AGGRESSIVE;
				GCC_WARN_UNUSED_FUNCTION = YES;
				GCC_WARN_UNUSED_VARIABLE = YES;
				MACOSX_DEPLOYMENT_TARGET = 10.12;
				MTL_ENABLE_DEBUG_INFO = YES;
				ONLY_ACTIVE_ARCH = YES;
				SDKROOT = macosx;
				SWIFT_OPTIMIZATION_LEVEL = "-Onone";
			};
			name = Debug;
		};
		58810ACB1EC79CAE00895853 /* Release */ = {
			isa = XCBuildConfiguration;
			buildSettings = {
				ALWAYS_SEARCH_USER_PATHS = NO;
				CLANG_ANALYZER_NONNULL = YES;
				CLANG_ANALYZER_NUMBER_OBJECT_CONVERSION = YES_AGGRESSIVE;
				CLANG_CXX_LANGUAGE_STANDARD = "gnu++0x";
				CLANG_CXX_LIBRARY = "libc++";
				CLANG_ENABLE_MODULES = YES;
				CLANG_ENABLE_OBJC_ARC = YES;
				CLANG_WARN_BOOL_CONVERSION = YES;
				CLANG_WARN_CONSTANT_CONVERSION = YES;
				CLANG_WARN_DIRECT_OBJC_ISA_USAGE = YES_ERROR;
				CLANG_WARN_DOCUMENTATION_COMMENTS = YES;
				CLANG_WARN_EMPTY_BODY = YES;
				CLANG_WARN_ENUM_CONVERSION = YES;
				CLANG_WARN_INFINITE_RECURSION = YES;
				CLANG_WARN_INT_CONVERSION = YES;
				CLANG_WARN_OBJC_ROOT_CLASS = YES_ERROR;
				CLANG_WARN_SUSPICIOUS_MOVE = YES;
				CLANG_WARN_UNREACHABLE_CODE = YES;
				CLANG_WARN__DUPLICATE_METHOD_MATCH = YES;
				CODE_SIGN_IDENTITY = "-";
				COPY_PHASE_STRIP = NO;
				DEBUG_INFORMATION_FORMAT = "dwarf-with-dsym";
				ENABLE_NS_ASSERTIONS = NO;
				ENABLE_STRICT_OBJC_MSGSEND = YES;
				GCC_C_LANGUAGE_STANDARD = gnu99;
				GCC_NO_COMMON_BLOCKS = YES;
				GCC_WARN_64_TO_32_BIT_CONVERSION = YES;
				GCC_WARN_ABOUT_RETURN_TYPE = YES_ERROR;
				GCC_WARN_UNDECLARED_SELECTOR = YES;
				GCC_WARN_UNINITIALIZED_AUTOS = YES_AGGRESSIVE;
				GCC_WARN_UNUSED_FUNCTION = YES;
				GCC_WARN_UNUSED_VARIABLE = YES;
				MACOSX_DEPLOYMENT_TARGET = 10.12;
				MTL_ENABLE_DEBUG_INFO = NO;
				SDKROOT = macosx;
			};
			name = Release;
		};
		58810ACD1EC79CAE00895853 /* Debug */ = {
			isa = XCBuildConfiguration;
			buildSettings = {
				PRODUCT_NAME = "$(TARGET_NAME)";
				SWIFT_VERSION = 3.0;
			};
			name = Debug;
		};
		58810ACE1EC79CAE00895853 /* Release */ = {
			isa = XCBuildConfiguration;
			buildSettings = {
				PRODUCT_NAME = "$(TARGET_NAME)";
				SWIFT_VERSION = 3.0;
			};
			name = Release;
		};
/* End XCBuildConfiguration section */

/* Begin XCConfigurationList section */
		58810AC01EC79CAE00895853 /* Build configuration list for PBXProject "Tankland" */ = {
			isa = XCConfigurationList;
			buildConfigurations = (
				58810ACA1EC79CAE00895853 /* Debug */,
				58810ACB1EC79CAE00895853 /* Release */,
			);
			defaultConfigurationIsVisible = 0;
			defaultConfigurationName = Release;
		};
		58810ACC1EC79CAE00895853 /* Build configuration list for PBXNativeTarget "Tankland" */ = {
			isa = XCConfigurationList;
			buildConfigurations = (
				58810ACD1EC79CAE00895853 /* Debug */,
				58810ACE1EC79CAE00895853 /* Release */,
			);
			defaultConfigurationIsVisible = 0;
		};
/* End XCConfigurationList section */
	};
	rootObject = 58810ABD1EC79CAE00895853 /* Project object */;
}
